
Microsoft Visual Studio Solution File, Format Version 12.00
# Visual Studio Version 16
VisualStudioVersion = 16.0.29613.14
MinimumVisualStudioVersion = 10.0.40219.1
Project("{FAE04EC0-301F-11D3-BF4B-00C04F79EFBC}") = "YTDownloader.API", "YTDownloader.API\YTDownloader.API.csproj", "{FD64577E-6132-4CFA-A511-8683AF0A9810}"
EndProject
Global
	GlobalSection(SolutionConfigurationPlatforms) = preSolution
		Debug|Any CPU = Debug|Any CPU
		Release|Any CPU = Release|Any CPU
	EndGlobalSection
	GlobalSection(ProjectConfigurationPlatforms) = postSolution
		{FD64577E-6132-4CFA-A511-8683AF0A9810}.Debug|Any CPU.ActiveCfg = Debug|Any CPU
		{FD64577E-6132-4CFA-A511-8683AF0A9810}.Debug|Any CPU.Build.0 = Debug|Any CPU
		{FD64577E-6132-4CFA-A511-8683AF0A9810}.Release|Any CPU.ActiveCfg = Release|Any CPU
		{FD64577E-6132-4CFA-A511-8683AF0A9810}.Release|Any CPU.Build.0 = Release|Any CPU
	EndGlobalSection
	GlobalSection(SolutionProperties) = preSolution
		HideSolutionNode = FALSE
	EndGlobalSection
	GlobalSection(ExtensibilityGlobals) = postSolution
		SolutionGuid = {69D02706-E362-4684-A47A-807B28FA35BA}
	EndGlobalSection
EndGlobal
